
Microsoft Visual Studio Solution File, Format Version 12.00
# Visual Studio Version 17
VisualStudioVersion = 17.5.002.0
MinimumVisualStudioVersion = 10.0.40219.1
Project("{9A19103F-16F7-4668-BE54-9A1E7A4F7556}") = "Superheltene", "Superheltene.csproj", "{AAAF7B04-97C7-4A40-8D60-F2BB822DE3D2}"
EndProject
Global
	GlobalSection(SolutionConfigurationPlatforms) = preSolution
		Debug|Any CPU = Debug|Any CPU
		Release|Any CPU = Release|Any CPU
	EndGlobalSection
	GlobalSection(ProjectConfigurationPlatforms) = postSolution
		{AAAF7B04-97C7-4A40-8D60-F2BB822DE3D2}.Debug|Any CPU.ActiveCfg = Debug|Any CPU
		{AAAF7B04-97C7-4A40-8D60-F2BB822DE3D2}.Debug|Any CPU.Build.0 = Debug|Any CPU
		{AAAF7B04-97C7-4A40-8D60-F2BB822DE3D2}.Release|Any CPU.ActiveCfg = Release|Any CPU
		{AAAF7B04-97C7-4A40-8D60-F2BB822DE3D2}.Release|Any CPU.Build.0 = Release|Any CPU
	EndGlobalSection
	GlobalSection(SolutionProperties) = preSolution
		HideSolutionNode = FALSE
	EndGlobalSection
	GlobalSection(ExtensibilityGlobals) = postSolution
		SolutionGuid = {F1903629-918B-4D70-B369-6C42B505F9D9}
	EndGlobalSection
EndGlobal
